
Microsoft Visual Studio Solution File, Format Version 12.00
# Visual Studio Version 17
VisualStudioVersion = 17.3.32714.290
MinimumVisualStudioVersion = 10.0.40219.1
Project("{FAE04EC0-301F-11D3-BF4B-00C04F79EFBC}") = "PPSUF.BlazorServer", "PPSUF.BlazorServer\PPSUF.BlazorServer.csproj", "{A4F5689F-43E1-4DD8-B69A-15911EB6DF5B}"
EndProject
Project("{FAE04EC0-301F-11D3-BF4B-00C04F79EFBC}") = "PPSUF.Service", "PPSUF.Service\PPSUF.Service.csproj", "{16F4CE9E-28BA-4764-BFFF-5DC7FB8CC791}"
EndProject
Global
	GlobalSection(SolutionConfigurationPlatforms) = preSolution
		Debug|Any CPU = Debug|Any CPU
		Release|Any CPU = Release|Any CPU
	EndGlobalSection
	GlobalSection(ProjectConfigurationPlatforms) = postSolution
		{A4F5689F-43E1-4DD8-B69A-15911EB6DF5B}.Debug|Any CPU.ActiveCfg = Debug|Any CPU
		{A4F5689F-43E1-4DD8-B69A-15911EB6DF5B}.Debug|Any CPU.Build.0 = Debug|Any CPU
		{A4F5689F-43E1-4DD8-B69A-15911EB6DF5B}.Release|Any CPU.ActiveCfg = Release|Any CPU
		{A4F5689F-43E1-4DD8-B69A-15911EB6DF5B}.Release|Any CPU.Build.0 = Release|Any CPU
		{16F4CE9E-28BA-4764-BFFF-5DC7FB8CC791}.Debug|Any CPU.ActiveCfg = Debug|Any CPU
		{16F4CE9E-28BA-4764-BFFF-5DC7FB8CC791}.Debug|Any CPU.Build.0 = Debug|Any CPU
		{16F4CE9E-28BA-4764-BFFF-5DC7FB8CC791}.Release|Any CPU.ActiveCfg = Release|Any CPU
		{16F4CE9E-28BA-4764-BFFF-5DC7FB8CC791}.Release|Any CPU.Build.0 = Release|Any CPU
	EndGlobalSection
	GlobalSection(SolutionProperties) = preSolution
		HideSolutionNode = FALSE
	EndGlobalSection
	GlobalSection(ExtensibilityGlobals) = postSolution
		SolutionGuid = {9887828C-7070-4EDA-8CFB-3CE73F0A7B3B}
	EndGlobalSection
EndGlobal
